
Microsoft Visual Studio Solution File, Format Version 12.00
# Visual Studio Version 17
VisualStudioVersion = 17.11.35312.102
MinimumVisualStudioVersion = 10.0.40219.1
Project("{9A19103F-16F7-4668-BE54-9A1E7A4F7556}") = "UltralinkAdmin", "UltralinkAdmin\UltralinkAdmin.csproj", "{720CEAB8-391E-4B11-AA46-EA9238B50EBF}"
EndProject
Global
	GlobalSection(SolutionConfigurationPlatforms) = preSolution
		Debug|Any CPU = Debug|Any CPU
		Release|Any CPU = Release|Any CPU
	EndGlobalSection
	GlobalSection(ProjectConfigurationPlatforms) = postSolution
		{720CEAB8-391E-4B11-AA46-EA9238B50EBF}.Debug|Any CPU.ActiveCfg = Debug|Any CPU
		{720CEAB8-391E-4B11-AA46-EA9238B50EBF}.Debug|Any CPU.Build.0 = Debug|Any CPU
		{720CEAB8-391E-4B11-AA46-EA9238B50EBF}.Release|Any CPU.ActiveCfg = Release|Any CPU
		{720CEAB8-391E-4B11-AA46-EA9238B50EBF}.Release|Any CPU.Build.0 = Release|Any CPU
	EndGlobalSection
	GlobalSection(SolutionProperties) = preSolution
		HideSolutionNode = FALSE
	EndGlobalSection
	GlobalSection(ExtensibilityGlobals) = postSolution
		SolutionGuid = {275F9433-EF2A-468F-8096-41EB9C50C843}
	EndGlobalSection
EndGlobal
